{
  "name": "dashboard",
  "version": "1.0.0",
  "lockfileVersion": 1,
  "requires": true,
  "dependencies": {
    "bootstrap": {
      "version": "4.5.2",
      "resolved": "https://registry.npmjs.org/bootstrap/-/bootstrap-4.5.2.tgz",
      "integrity": "sha512-vlGn0bcySYl/iV+BGA544JkkZP5LB3jsmkeKLFQakCOwCM3AOk7VkldBz4jrzSe+Z0Ezn99NVXa1o45cQY4R6A=="
    },
    "bootstrap-select": {
      "version": "1.13.18",
      "resolved": "https://registry.npmjs.org/bootstrap-select/-/bootstrap-select-1.13.18.tgz",
      "integrity": "sha512-V1IzK4rxBq5FrJtkzSH6RmFLFBsjx50byFbfAf8jYyXROWs7ZpprGjdHeoyq2HSsHyjJhMMwjsQhRoYAfxCGow=="
    },
    "bootstrap4-notify": {
      "version": "4.0.3",
      "resolved": "https://registry.npmjs.org/bootstrap4-notify/-/bootstrap4-notify-4.0.3.tgz",
      "integrity": "sha1-mpmsjHq46dlhlrMONBh2/9qjxls="
    },
    "circular-buffer": {
      "version": "1.0.2",
      "resolved": "https://registry.npmjs.org/circular-buffer/-/circular-buffer-1.0.2.tgz",
      "integrity": "sha1-+g4VLtYp92/iTd+J5y69AHhsWm4="
    },
    "complex.js": {
      "version": "2.0.11",
      "resolved": "https://registry.npmjs.org/complex.js/-/complex.js-2.0.11.tgz",
      "integrity": "sha1-Cahz+/Ff/YwYycIgHM70JcMri/E="
    },
    "d3": {
      "version": "3.5.17",
      "resolved": "https://registry.npmjs.org/d3/-/d3-3.5.17.tgz",
      "integrity": "sha1-vEZ0gAQ3iyGjYMn8fPUjF5B2L7g="
    },
    "decimal.js": {
      "version": "10.1.1",
      "resolved": "https://registry.npmjs.org/decimal.js/-/decimal.js-10.1.1.tgz",
      "integrity": "sha512-vEEgyk1fWVEnv7lPjkNedAIjzxQDue5Iw4FeX4UkNUDSVyD/jZTD0Bw2kAO7k6iyyJRAhM9oxxI0D1ET6k0Mmg=="
    },
    "epoch-charting": {
      "version": "0.8.4",
      "resolved": "https://registry.npmjs.org/epoch-charting/-/epoch-charting-0.8.4.tgz",
      "integrity": "sha1-B+IcfSAzPgN0FdMnPrydkpDCvlo=",
      "requires": {
        "d3": "^3.4.13"
      }
    },
    "escape-latex": {
      "version": "1.2.0",
      "resolved": "https://registry.npmjs.org/escape-latex/-/escape-latex-1.2.0.tgz",
      "integrity": "sha1-B8A4GM99rCUMzlF/T9obAB7yvKE="
    },
    "font-awesome": {
      "version": "4.7.0",
      "resolved": "https://registry.npmjs.org/font-awesome/-/font-awesome-4.7.0.tgz",
      "integrity": "sha1-j6jPBBGhoxr9B7BtKQK7n8gVoTM="
    },
    "fraction.js": {
      "version": "4.0.12",
      "resolved": "https://registry.npmjs.org/fraction.js/-/fraction.js-4.0.12.tgz",
      "integrity": "sha1-BSbUfGWl+0hU33i8d/e+xwjXuMM="
    },
    "javascript-natural-sort": {
      "version": "0.7.1",
      "resolved": "https://registry.npmjs.org/javascript-natural-sort/-/javascript-natural-sort-0.7.1.tgz",
      "integrity": "sha1-+eIwPUUH9tdDVac2ZNFED7Wg71k="
    },
    "jquery": {
      "version": "3.5.1",
      "resolved": "https://registry.npmjs.org/jquery/-/jquery-3.5.1.tgz",
      "integrity": "sha512-XwIBPqcMn57FxfT+Go5pzySnm4KWkT1Tv7gjrpT1srtf8Weynl6R273VJ5GjkRb51IzMp5nbaPjJXMWeju2MKg=="
    },
    "jquery-match-height": {
      "version": "0.7.2",
      "resolved": "https://registry.npmjs.org/jquery-match-height/-/jquery-match-height-0.7.2.tgz",
      "integrity": "sha1-+NnzulMU2qsQnPB0CGdL4gS+Xw4="
    },
    "lodash": {
      "version": "4.17.19",
      "resolved": "https://registry.npmjs.org/lodash/-/lodash-4.17.19.tgz",
      "integrity": "sha512-JNvd8XER9GQX0v2qJgsaN/mzFCNA5BRe/j8JN9d+tWyGLSodKQHKFicdwNYzWwI3wjRnaKPsGj1XkBjx/F96DQ=="
    },
    "mathjs": {
      "version": "5.7.0",
      "resolved": "https://registry.npmjs.org/mathjs/-/mathjs-5.7.0.tgz",
      "integrity": "sha512-nncb2FKek2HQj7tBcOgZ2l1zrf1YSPX7cUxBZGcFxcOLN0kb2/g9VC1k53vPTEK5+UVshPPeg2ZCQkh1Q2NdVQ==",
      "requires": {
        "complex.js": "2.0.11",
        "decimal.js": "10.1.1",
        "escape-latex": "1.2.0",
        "fraction.js": "4.0.12",
        "javascript-natural-sort": "0.7.1",
        "seed-random": "2.2.0",
        "tiny-emitter": "2.1.0",
        "typed-function": "1.1.0"
      }
    },
    "moment": {
      "version": "2.27.0",
      "resolved": "https://registry.npmjs.org/moment/-/moment-2.27.0.tgz",
      "integrity": "sha512-al0MUK7cpIcglMv3YF13qSgdAIqxHTO7brRtaz3DlSULbqfazqkc5kEjNrLDOM7fsjshoFIihnU8snrP7zUvhQ=="
    },
    "normalize.css": {
      "version": "8.0.1",
      "resolved": "https://registry.npmjs.org/normalize.css/-/normalize.css-8.0.1.tgz",
      "integrity": "sha1-m5iiCHOLnMJjTKrLxC0THJdIe/M="
    },
    "noty": {
      "version": "3.2.0-beta",
      "resolved": "https://registry.npmjs.org/noty/-/noty-3.2.0-beta.tgz",
      "integrity": "sha1-zREXJ3obg8mwjfx4+WjGxZYNPPo="
    },
    "pixeden-stroke-7-icon": {
      "version": "1.2.3",
      "resolved": "https://registry.npmjs.org/pixeden-stroke-7-icon/-/pixeden-stroke-7-icon-1.2.3.tgz",
      "integrity": "sha1-BQ2yETU35dhjS72Bhwju3LTHL9Y="
    },
    "plotly.js-dist": {
      "version": "1.54.7",
      "resolved": "https://registry.npmjs.org/plotly.js-dist/-/plotly.js-dist-1.54.7.tgz",
      "integrity": "sha512-zcBc+VQ7lYLHiWWug9W2Aahi0NxBFynjClfmWOdW6atv4TJYK7XNB5Hxk94L7BH2dWHrNbkIHBxenRBKAmoC+Q=="
    },
    "popper.js": {
      "version": "1.16.1",
      "resolved": "https://registry.npmjs.org/popper.js/-/popper.js-1.16.1.tgz",
      "integrity": "sha512-Wb4p1J4zyFTbM+u6WuO4XstYx4Ky9Cewe4DWrel7B0w6VVICvPwdOpotjzcf6eD8TsckVnIMNONQyPIUFOUbCQ=="
    },
    "seed-random": {
      "version": "2.2.0",
      "resolved": "https://registry.npmjs.org/seed-random/-/seed-random-2.2.0.tgz",
      "integrity": "sha1-KpsZ4lCoFwmSMaW5mk2vgLf77VQ="
    },
    "smoothie": {
      "version": "1.35.0",
      "resolved": "https://registry.npmjs.org/smoothie/-/smoothie-1.35.0.tgz",
      "integrity": "sha1-kd/38i7HcARMfmoTI6aUpP2W0AE="
    },
    "themify-icons": {
      "version": "1.0.0",
      "resolved": "https://registry.npmjs.org/themify-icons/-/themify-icons-1.0.0.tgz",
      "integrity": "sha1-IW8zDtG5w/3I5nVlXhiaC37LHFw="
    },
    "tiny-emitter": {
      "version": "2.1.0",
      "resolved": "https://registry.npmjs.org/tiny-emitter/-/tiny-emitter-2.1.0.tgz",
      "integrity": "sha1-HRpW7fxRxD6GPLtTgqcjMONVVCM="
    },
    "typed-function": {
      "version": "1.1.0",
      "resolved": "https://registry.npmjs.org/typed-function/-/typed-function-1.1.0.tgz",
      "integrity": "sha1-6hSXBuD7QqyheRwFOm2UzNbE/cs="
    }
  }
}
