
Microsoft Visual Studio Solution File, Format Version 12.00
# Visual Studio 2013
VisualStudioVersion = 12.0.30723.0
MinimumVisualStudioVersion = 10.0.40219.1
Project("{FAE04EC0-301F-11D3-BF4B-00C04F79EFBC}") = "controls-sdk-3.5", "controls-sdk\controls-sdk-3.5.csproj", "{06AFE9D0-7628-4CBA-B738-6CF20DCCC9F5}"
EndProject
Project("{FAE04EC0-301F-11D3-BF4B-00C04F79EFBC}") = "controls-sdk-4.0", "controls-sdk\controls-sdk-4.0.csproj", "{D17C08E7-07BC-44F2-9CD7-20C7C20B0A5A}"
EndProject
Project("{FAE04EC0-301F-11D3-BF4B-00C04F79EFBC}") = "controls-sdk-4.5", "controls-sdk\controls-sdk-4.5.csproj", "{225B5D31-AB95-4456-B42E-6A4643E150BF}"
EndProject
Global
	GlobalSection(SolutionConfigurationPlatforms) = preSolution
		Debug|Any CPU = Debug|Any CPU
		Release|Any CPU = Release|Any CPU
	EndGlobalSection
	GlobalSection(ProjectConfigurationPlatforms) = postSolution
		{06AFE9D0-7628-4CBA-B738-6CF20DCCC9F5}.Debug|Any CPU.ActiveCfg = Debug|Any CPU
		{06AFE9D0-7628-4CBA-B738-6CF20DCCC9F5}.Debug|Any CPU.Build.0 = Debug|Any CPU
		{06AFE9D0-7628-4CBA-B738-6CF20DCCC9F5}.Release|Any CPU.ActiveCfg = Release|Any CPU
		{06AFE9D0-7628-4CBA-B738-6CF20DCCC9F5}.Release|Any CPU.Build.0 = Release|Any CPU
		{D17C08E7-07BC-44F2-9CD7-20C7C20B0A5A}.Debug|Any CPU.ActiveCfg = Debug|Any CPU
		{D17C08E7-07BC-44F2-9CD7-20C7C20B0A5A}.Debug|Any CPU.Build.0 = Debug|Any CPU
		{D17C08E7-07BC-44F2-9CD7-20C7C20B0A5A}.Release|Any CPU.ActiveCfg = Release|Any CPU
		{D17C08E7-07BC-44F2-9CD7-20C7C20B0A5A}.Release|Any CPU.Build.0 = Release|Any CPU
		{225B5D31-AB95-4456-B42E-6A4643E150BF}.Debug|Any CPU.ActiveCfg = Debug|Any CPU
		{225B5D31-AB95-4456-B42E-6A4643E150BF}.Debug|Any CPU.Build.0 = Debug|Any CPU
		{225B5D31-AB95-4456-B42E-6A4643E150BF}.Release|Any CPU.ActiveCfg = Release|Any CPU
		{225B5D31-AB95-4456-B42E-6A4643E150BF}.Release|Any CPU.Build.0 = Release|Any CPU
	EndGlobalSection
	GlobalSection(SolutionProperties) = preSolution
		HideSolutionNode = FALSE
	EndGlobalSection
EndGlobal
